
Microsoft Visual Studio Solution File, Format Version 12.00
# Visual Studio Version 17
VisualStudioVersion = 17.3.32825.248
MinimumVisualStudioVersion = 10.0.40219.1
Project("{9A19103F-16F7-4668-BE54-9A1E7A4F7556}") = "MagicVilla_VillaAPI", "MagicVilla_VillaAPI\MagicVilla_VillaAPI.csproj", "{D8933E2F-64C1-467E-BAA2-2C587ABC7E62}"
EndProject
Project("{FAE04EC0-301F-11D3-BF4B-00C04F79EFBC}") = "MagicVilla_Web", "MagicVilla_Web\MagicVilla_Web.csproj", "{E274353F-BC6C-4259-A942-00D9C56AE237}"
EndProject
Project("{FAE04EC0-301F-11D3-BF4B-00C04F79EFBC}") = "MagicVilla_Utility", "MagicVilla_Utility\MagicVilla_Utility.csproj", "{8EFE98F5-BEAC-4C97-9FBF-3484DB121FDD}"
EndProject
Global
	GlobalSection(SolutionConfigurationPlatforms) = preSolution
		Debug|Any CPU = Debug|Any CPU
		Release|Any CPU = Release|Any CPU
	EndGlobalSection
	GlobalSection(ProjectConfigurationPlatforms) = postSolution
		{D8933E2F-64C1-467E-BAA2-2C587ABC7E62}.Debug|Any CPU.ActiveCfg = Debug|Any CPU
		{D8933E2F-64C1-467E-BAA2-2C587ABC7E62}.Debug|Any CPU.Build.0 = Debug|Any CPU
		{D8933E2F-64C1-467E-BAA2-2C587ABC7E62}.Release|Any CPU.ActiveCfg = Release|Any CPU
		{D8933E2F-64C1-467E-BAA2-2C587ABC7E62}.Release|Any CPU.Build.0 = Release|Any CPU
		{E274353F-BC6C-4259-A942-00D9C56AE237}.Debug|Any CPU.ActiveCfg = Debug|Any CPU
		{E274353F-BC6C-4259-A942-00D9C56AE237}.Debug|Any CPU.Build.0 = Debug|Any CPU
		{E274353F-BC6C-4259-A942-00D9C56AE237}.Release|Any CPU.ActiveCfg = Release|Any CPU
		{E274353F-BC6C-4259-A942-00D9C56AE237}.Release|Any CPU.Build.0 = Release|Any CPU
		{8EFE98F5-BEAC-4C97-9FBF-3484DB121FDD}.Debug|Any CPU.ActiveCfg = Debug|Any CPU
		{8EFE98F5-BEAC-4C97-9FBF-3484DB121FDD}.Debug|Any CPU.Build.0 = Debug|Any CPU
		{8EFE98F5-BEAC-4C97-9FBF-3484DB121FDD}.Release|Any CPU.ActiveCfg = Release|Any CPU
		{8EFE98F5-BEAC-4C97-9FBF-3484DB121FDD}.Release|Any CPU.Build.0 = Release|Any CPU
	EndGlobalSection
	GlobalSection(SolutionProperties) = preSolution
		HideSolutionNode = FALSE
	EndGlobalSection
	GlobalSection(ExtensibilityGlobals) = postSolution
		SolutionGuid = {7EB8E20D-FCC7-465F-9272-7806F73A659D}
	EndGlobalSection
EndGlobal
